fortio.org/cli v1.3.3 h1:b2JPQ7ekVFpF7SrEllJTbh1rdivsyXT081oQUeiuIp0=
fortio.org/cli v1.3.3/go.mod h1:ZsevXTvMidh3xllYoAElS52XRcGx+f1hVlgB+v2Pa0Y=
fortio.org/log v1.10.0 h1:Id2z9HjGlof0VsIHi2XNI9k+tG7ujODVDnAAvkSgpuE=
fortio.org/log v1.10.0/go.mod h1:u/8/2lyczXq52aT5Nw6reD+3cR6m/EbS2jBiIYhgiTU=
fortio.org/version v1.0.2 h1:8NwxdX58aoeKx7T5xAPO0xlUu1Hpk42nRz5s6e6eKZ0=
fortio.org/version v1.0.2/go.mod h1:2JQp9Ax+tm6QKiGuzR5nJY63kFeANcgrZ0osoQFDVm0=
golang.org/x/net v0.20.0 h1:aCL9BSgETF1k+blQaYUBx9hJ9LOGP3gAVemcZlf1Kpo=
golang.org/x/net v0.20.0/go.mod h1:z8BVo6PvndSri0LbOE3hAn0apkU+1YvI6E70E9jsnvY=
golang.org/x/text v0.14.0 h1:ScX5w1eTa3QqT8oi6+ziP7dTV1S2+ALU0bI+0zXKWiQ=
golang.org/x/text v0.14.0/go.mod h1:18ZOQIKpY8NJVqYksKHtTdi31H5itFRjB5/qKTNYzSU=
