fortio.org/cli v1.3.3 h1:b2JPQ7ekVFpF7SrEllJTbh1rdivsyXT081oQUeiuIp0=
fortio.org/cli v1.3.3/go.mod h1:ZsevXTvMidh3xllYoAElS52XRcGx+f1hVlgB+v2Pa0Y=
fortio.org/log v1.12.0 h1:5Yg4pL9Pp0jcWeJYixm2xikMCldVaSDMgDFDmQJZfho=
fortio.org/log v1.12.0/go.mod h1:1tMBG/Elr6YqjmJCWiejJp2FPvXg7/9UAN0Rfpkyt1o=
fortio.org/struct2env v0.4.0 h1:k5alSOTf3YHiB3MuacjDHQ3YhVWvNZ95ZP/a6MqvyLo=
fortio.org/struct2env v0.4.0/go.mod h1:lENUe70UwA1zDUCX+8AsO663QCFqYaprk5lnPhjD410=
fortio.org/version v1.0.2 h1:8NwxdX58aoeKx7T5xAPO0xlUu1Hpk42nRz5s6e6eKZ0=
fortio.org/version v1.0.2/go.mod h1:2JQp9Ax+tm6QKiGuzR5nJY63kFeANcgrZ0osoQFDVm0=
golang.org/x/net v0.18.0 h1:mIYleuAkSbHh0tCv7RvjL3F6ZVbLjq4+R7zbOn3Kokg=
golang.org/x/net v0.18.0/go.mod h1:/czyP5RqHAH4odGYxBJ1qz0+CE5WZ+2j1YgoEo8F2jQ=
golang.org/x/text v0.14.0 h1:ScX5w1eTa3QqT8oi6+ziP7dTV1S2+ALU0bI+0zXKWiQ=
golang.org/x/text v0.14.0/go.mod h1:18ZOQIKpY8NJVqYksKHtTdi31H5itFRjB5/qKTNYzSU=
